{
  "name": "localize-naturally-checks",
  "lockfileVersion": 3,
  "requires": true,
  "packages": {
    "": {
      "name": "localize-naturally-checks",
      "dependencies": {
        "@formatjs/icu-messageformat-parser": "3.5.17"
      }
    },
    "node_modules/@formatjs/icu-messageformat-parser": {
      "version": "3.5.17",
      "resolved": "https://registry.npmmirror.com/@formatjs/icu-messageformat-parser/-/icu-messageformat-parser-3.5.17.tgz",
      "integrity": "sha512-cN9jhVqT7u0K9tix43fhjoUwL0nazyW6zsNIXs2QdPADr+nurPfYyssUiMqcSCGlPcCiqnYVxgSn7zBSuI+5Bg==",
      "license": "MIT",
      "dependencies": {
        "@formatjs/icu-skeleton-parser": "2.1.11"
      }
    },
    "node_modules/@formatjs/icu-skeleton-parser": {
      "version": "2.1.11",
      "resolved": "https://registry.npmmirror.com/@formatjs/icu-skeleton-parser/-/icu-skeleton-parser-2.1.11.tgz",
      "integrity": "sha512-j8cUmOJzVgkHuS0QiQ6ga76UIoLOFSAMWhs7aZJztH3aAdCOAE6vpC8KVvFB4cU10ON0y2/5oOVmPJ43s2lTwA==",
      "license": "MIT"
    }
  }
}
